
Microsoft Visual Studio Solution File, Format Version 12.00
# Visual Studio Version 17
VisualStudioVersion = 17.6.33815.320
MinimumVisualStudioVersion = 10.0.40219.1
Project("{9A19103F-16F7-4668-BE54-9A1E7A4F7556}") = "SecureFileUploader.Data", "SecureFileUploader.Data\SecureFileUploader.Data.csproj", "{165D64BE-14B4-4BAA-9E37-318E463C33D6}"
EndProject
Project("{9A19103F-16F7-4668-BE54-9A1E7A4F7556}") = "SecureFileUploader.Services", "SecureFileUploader.Services\SecureFileUploader.Services.csproj", "{70668B56-9C24-4293-83E0-974E167796CE}"
EndProject
Project("{9A19103F-16F7-4668-BE54-9A1E7A4F7556}") = "SecureFileUploader.Web", "SecureFileUploader.Web\SecureFileUploader.Web.csproj", "{06E8512F-556B-48AB-AEED-0615D3BD8835}"
EndProject
Project("{9A19103F-16F7-4668-BE54-9A1E7A4F7556}") = "SecureFileUploader.Web.Tests", "SecureFileUploader.Web.Tests\SecureFileUploader.Web.Tests.csproj", "{617DD13D-BFFE-4F5C-A6B2-64C6C8BD3C04}"
EndProject
Project("{FAE04EC0-301F-11D3-BF4B-00C04F79EFBC}") = "SecureFileUploader.Services.Tests", "SecureFileUploader.Services.Tests\SecureFileUploader.Services.Tests.csproj", "{DCABF1FF-B1CE-4B35-AA2C-86FD66FD8F1A}"
EndProject
Global
	GlobalSection(SolutionConfigurationPlatforms) = preSolution
		Debug|Any CPU = Debug|Any CPU
		Release|Any CPU = Release|Any CPU
	EndGlobalSection
	GlobalSection(ProjectConfigurationPlatforms) = postSolution
		{165D64BE-14B4-4BAA-9E37-318E463C33D6}.Debug|Any CPU.ActiveCfg = Debug|Any CPU
		{165D64BE-14B4-4BAA-9E37-318E463C33D6}.Debug|Any CPU.Build.0 = Debug|Any CPU
		{165D64BE-14B4-4BAA-9E37-318E463C33D6}.Release|Any CPU.ActiveCfg = Release|Any CPU
		{165D64BE-14B4-4BAA-9E37-318E463C33D6}.Release|Any CPU.Build.0 = Release|Any CPU
		{70668B56-9C24-4293-83E0-974E167796CE}.Debug|Any CPU.ActiveCfg = Debug|Any CPU
		{70668B56-9C24-4293-83E0-974E167796CE}.Debug|Any CPU.Build.0 = Debug|Any CPU
		{70668B56-9C24-4293-83E0-974E167796CE}.Release|Any CPU.ActiveCfg = Release|Any CPU
		{70668B56-9C24-4293-83E0-974E167796CE}.Release|Any CPU.Build.0 = Release|Any CPU
		{06E8512F-556B-48AB-AEED-0615D3BD8835}.Debug|Any CPU.ActiveCfg = Debug|Any CPU
		{06E8512F-556B-48AB-AEED-0615D3BD8835}.Debug|Any CPU.Build.0 = Debug|Any CPU
		{06E8512F-556B-48AB-AEED-0615D3BD8835}.Release|Any CPU.ActiveCfg = Release|Any CPU
		{06E8512F-556B-48AB-AEED-0615D3BD8835}.Release|Any CPU.Build.0 = Release|Any CPU
		{617DD13D-BFFE-4F5C-A6B2-64C6C8BD3C04}.Debug|Any CPU.ActiveCfg = Debug|Any CPU
		{617DD13D-BFFE-4F5C-A6B2-64C6C8BD3C04}.Debug|Any CPU.Build.0 = Debug|Any CPU
		{617DD13D-BFFE-4F5C-A6B2-64C6C8BD3C04}.Release|Any CPU.ActiveCfg = Release|Any CPU
		{617DD13D-BFFE-4F5C-A6B2-64C6C8BD3C04}.Release|Any CPU.Build.0 = Release|Any CPU
		{DCABF1FF-B1CE-4B35-AA2C-86FD66FD8F1A}.Debug|Any CPU.ActiveCfg = Debug|Any CPU
		{DCABF1FF-B1CE-4B35-AA2C-86FD66FD8F1A}.Debug|Any CPU.Build.0 = Debug|Any CPU
		{DCABF1FF-B1CE-4B35-AA2C-86FD66FD8F1A}.Release|Any CPU.ActiveCfg = Release|Any CPU
		{DCABF1FF-B1CE-4B35-AA2C-86FD66FD8F1A}.Release|Any CPU.Build.0 = Release|Any CPU
	EndGlobalSection
	GlobalSection(SolutionProperties) = preSolution
		HideSolutionNode = FALSE
	EndGlobalSection
	GlobalSection(ExtensibilityGlobals) = postSolution
		SolutionGuid = {30E7F612-425D-4C99-9854-E7B629F99EC2}
	EndGlobalSection
EndGlobal
